{
    "_meta": {
        "hash": {
            "sha256": "64e4d69155a50fe555b74aa9eba92f5952fe3f6ace509865f930e89050d5a99e"
        },
        "pipfile-spec": 6,
        "requires": {
            "python_version": "3.9"
        },
        "sources": [
            {
                "name": "pypi",
                "url": "https://pypi.org/simple",
                "verify_ssl": true
            }
        ]
    },
    "default": {
        "azure-functions": {
            "hashes": [
                "sha256:242b35f47ae2586c7b99480338bb60f8116c4ad53284ac6235da98076d22830c",
                "sha256:77f38c90b8eff8708ded4cabdbe0eff40e2da628549fc010061452376cc2e70d"
            ],
            "index": "pypi",
            "version": "==1.13.3"
        }
    },
    "develop": {}
}
